
Microsoft Visual Studio Solution File, Format Version 12.00
# Visual Studio Version 17
VisualStudioVersion = 17.6.33801.468
MinimumVisualStudioVersion = 10.0.40219.1
Project("{8BC9CEB8-8B4A-11D0-8D11-00A0C91BC942}") = "1", "1.vcxproj", "{DD4C4E0C-B944-486E-AB9A-0EDBEEA6C20B}"
EndProject
Global
	GlobalSection(SolutionConfigurationPlatforms) = preSolution
		Debug|x64 = Debug|x64
		Debug|x86 = Debug|x86
		Release|x64 = Release|x64
		Release|x86 = Release|x86
	EndGlobalSection
	GlobalSection(ProjectConfigurationPlatforms) = postSolution
		{DD4C4E0C-B944-486E-AB9A-0EDBEEA6C20B}.Debug|x64.ActiveCfg = Debug|x64
		{DD4C4E0C-B944-486E-AB9A-0EDBEEA6C20B}.Debug|x64.Build.0 = Debug|x64
		{DD4C4E0C-B944-486E-AB9A-0EDBEEA6C20B}.Debug|x86.ActiveCfg = Debug|Win32
		{DD4C4E0C-B944-486E-AB9A-0EDBEEA6C20B}.Debug|x86.Build.0 = Debug|Win32
		{DD4C4E0C-B944-486E-AB9A-0EDBEEA6C20B}.Release|x64.ActiveCfg = Release|x64
		{DD4C4E0C-B944-486E-AB9A-0EDBEEA6C20B}.Release|x64.Build.0 = Release|x64
		{DD4C4E0C-B944-486E-AB9A-0EDBEEA6C20B}.Release|x86.ActiveCfg = Release|Win32
		{DD4C4E0C-B944-486E-AB9A-0EDBEEA6C20B}.Release|x86.Build.0 = Release|Win32
	EndGlobalSection
	GlobalSection(SolutionProperties) = preSolution
		HideSolutionNode = FALSE
	EndGlobalSection
	GlobalSection(ExtensibilityGlobals) = postSolution
		SolutionGuid = {14A83A9E-63E4-4D83-811B-1B80DC61C1C2}
	EndGlobalSection
EndGlobal
